
Microsoft Visual Studio Solution File, Format Version 12.00
# Visual Studio Version 17
VisualStudioVersion = 17.4.33205.214
MinimumVisualStudioVersion = 10.0.40219.1
Project("{FAE04EC0-301F-11D3-BF4B-00C04F79EFBC}") = "ByteBank", "ByteBank\ByteBank.csproj", "{EF8A1E89-EB0D-4C0F-A317-8E1B6A46B4D1}"
EndProject
Global
	GlobalSection(SolutionConfigurationPlatforms) = preSolution
		Debug|Any CPU = Debug|Any CPU
		Release|Any CPU = Release|Any CPU
	EndGlobalSection
	GlobalSection(ProjectConfigurationPlatforms) = postSolution
		{EF8A1E89-EB0D-4C0F-A317-8E1B6A46B4D1}.Debug|Any CPU.ActiveCfg = Debug|Any CPU
		{EF8A1E89-EB0D-4C0F-A317-8E1B6A46B4D1}.Debug|Any CPU.Build.0 = Debug|Any CPU
		{EF8A1E89-EB0D-4C0F-A317-8E1B6A46B4D1}.Release|Any CPU.ActiveCfg = Release|Any CPU
		{EF8A1E89-EB0D-4C0F-A317-8E1B6A46B4D1}.Release|Any CPU.Build.0 = Release|Any CPU
	EndGlobalSection
	GlobalSection(SolutionProperties) = preSolution
		HideSolutionNode = FALSE
	EndGlobalSection
	GlobalSection(ExtensibilityGlobals) = postSolution
		SolutionGuid = {52C55DF3-9A91-421E-A6BB-E8885C96C653}
	EndGlobalSection
EndGlobal
